# THIS IS AN AUTOGENERATED FILE. DO NOT EDIT THIS FILE DIRECTLY.
# yarn lockfile v1


yaml@^2.8.0:
  version "2.8.0"
  resolved "https://registry.yarnpkg.com/yaml/-/yaml-2.8.0.tgz#15f8c9866211bdc2d3781a0890e44d4fa1a5fff6"
  integrity sha512-4lLa/EcQCB0cJkyts+FpIRx5G/llPxfP6VQU5KByHEhLxY3IJCH0f0Hy1MHI8sClTvsIb8qwRJ6R/ZdlDJ/leQ==
