# This file is automatically @generated by Poetry 1.8.3 and should not be changed by hand.

[[package]]
name = "neo4j"
version = "5.19.0"
description = "Neo4j Bolt driver for Python"
optional = false
python-versions = ">=3.7"
files = [
    {file = "neo4j-5.19.0.tar.gz", hash = "sha256:23704f604214174f3b7d15a38653a1462809986019dfdaf773ff7ca4e1b9e2de"},
]

[package.dependencies]
pytz = "*"

[package.extras]
numpy = ["numpy (>=1.7.0,<2.0.0)"]
pandas = ["numpy (>=1.7.0,<2.0.0)", "pandas (>=1.1.0,<3.0.0)"]
pyarrow = ["pyarrow (>=1.0.0)"]

[[package]]
name = "neomodel"
version = "5.3.3"
description = "An object mapper for the neo4j graph database."
optional = false
python-versions = ">=3.7"
files = [
    {file = "neomodel-5.3.3-py3-none-any.whl", hash = "sha256:ae1ffc9ac2a50a966a17504e90e9371ae2abc5d21faf07680a07e5657b5c34ab"},
    {file = "neomodel-5.3.3.tar.gz", hash = "sha256:f8e24fbce5d1ccd1966b3bed65ac469243e9b4f14b7e6f11e80d2c9fce450d95"},
]

[package.dependencies]
neo4j = ">=5.19.0,<5.20.0"

[package.extras]
dev = ["Shapely (>=2.0.0)", "black", "isort", "pre-commit", "pytest (>=7.1)", "pytest-asyncio", "pytest-cov (>=4.0)", "unasync"]
numpy = ["numpy"]
pandas = ["pandas"]

[[package]]
name = "pytz"
version = "2024.2"
description = "World timezone definitions, modern and historical"
optional = false
python-versions = "*"
files = [
    {file = "pytz-2024.2-py2.py3-none-any.whl", hash = "sha256:31c7c1817eb7fae7ca4b8c7ee50c72f93aa2dd863de768e1ef4245d426aa0725"},
    {file = "pytz-2024.2.tar.gz", hash = "sha256:2aa355083c50a0f93fa581709deac0c9ad65cca8a9e9beac660adcbd493c798a"},
]

[metadata]
lock-version = "2.0"
python-versions = "^3.12"
content-hash = "07a23f63bd86bcc7a0c9b58c1c24e8544eb37695816703867fed93aeff05fc8c"
