version = 1
revision = 3
requires-python = ">=3.13"

[[package]]
name = "basedpyright"
version = "1.37.1"
source = { registry = "https://pypi.org/simple" }
dependencies = [
    { name = "nodejs-wheel-binaries" },
]
sdist = { url = "https://files.pythonhosted.org/packages/0c/b0/fbba81ea29eed1274e965cd0445f0d6020b467ff4d3393791e4d6ae02e64/basedpyright-1.37.1.tar.gz", hash = "sha256:1f47bc6f45cbcc5d6f8619d60aa42128e4b38942f5118dcd4bc20c3466c5e02f", size = 25235384, upload-time = "2026-01-08T14:42:46.447Z" }
wheels = [
    { url = "https://files.pythonhosted.org/packages/ad/d6/6b33bb49f08d761d7c958a1e3cecfb3ffbdcf4ba6bbed65b23ab47516b75/basedpyright-1.37.1-py3-none-any.whl", hash = "sha256:caf3adfe54f51623241712f8b4367adb51ef8a8c2288e3e1ec4118319661340d", size = 12297397, upload-time = "2026-01-08T14:42:50.306Z" },
]

[[package]]
name = "click"
version = "8.3.1"
source = { registry = "https://pypi.org/simple" }
dependencies = [
    { name = "colorama", marker = "sys_platform == 'win32'" },
]
sdist = { url = "https://files.pythonhosted.org/packages/3d/fa/656b739db8587d7b5dfa22e22ed02566950fbfbcdc20311993483657a5c0/click-8.3.1.tar.gz", hash = "sha256:12ff4785d337a1bb490bb7e9c2b1ee5da3112e94a8622f26a6c77f5d2fc6842a", size = 295065, upload-time = "2025-11-15T20:45:42.706Z" }
wheels = [
    { url = "https://files.pythonhosted.org/packages/98/78/01c019cdb5d6498122777c1a43056ebb3ebfeef2076d9d026bfe15583b2b/click-8.3.1-py3-none-any.whl", hash = "sha256:981153a64e25f12d547d3426c367a4857371575ee7ad18df2a6183ab0545b2a6", size = 108274, upload-time = "2025-11-15T20:45:41.139Z" },
]

[[package]]
name = "colorama"
version = "0.4.6"
source = { registry = "https://pypi.org/simple" }
sdist = { url = "https://files.pythonhosted.org/packages/d8/53/6f443c9a4a8358a93a6792e2acffb9d9d5cb0a5cfd8802644b7b1c9a02e4/colorama-0.4.6.tar.gz", hash = "sha256:08695f5cb7ed6e0531a20572697297273c47b8cae5a63ffc6d6ed5c201be6e44", size = 27697, upload-time = "2022-10-25T02:36:22.414Z" }
wheels = [
    { url = "https://files.pythonhosted.org/packages/d1/d6/3965ed04c63042e047cb6a3e6ed1a63a35087b6a609aa3a15ed8ac56c221/colorama-0.4.6-py2.py3-none-any.whl", hash = "sha256:4f1d9991f5acc0ca119f9d443620b77f9d6b33703e51011c16baf57afb285fc6", size = 25335, upload-time = "2022-10-25T02:36:20.889Z" },
]

[[package]]
name = "markdown-it-py"
version = "4.0.0"
source = { registry = "https://pypi.org/simple" }
dependencies = [
    { name = "mdurl" },
]
sdist = { url = "https://files.pythonhosted.org/packages/5b/f5/4ec618ed16cc4f8fb3b701563655a69816155e79e24a17b651541804721d/markdown_it_py-4.0.0.tar.gz", hash = "sha256:cb0a2b4aa34f932c007117b194e945bd74e0ec24133ceb5bac59009cda1cb9f3", size = 73070, upload-time = "2025-08-11T12:57:52.854Z" }
wheels = [
    { url = "https://files.pythonhosted.org/packages/94/54/e7d793b573f298e1c9013b8c4dade17d481164aa517d1d7148619c2cedbf/markdown_it_py-4.0.0-py3-none-any.whl", hash = "sha256:87327c59b172c5011896038353a81343b6754500a08cd7a4973bb48c6d578147", size = 87321, upload-time = "2025-08-11T12:57:51.923Z" },
]

[[package]]
name = "mdurl"
version = "0.1.2"
source = { registry = "https://pypi.org/simple" }
sdist = { url = "https://files.pythonhosted.org/packages/d6/54/cfe61301667036ec958cb99bd3efefba235e65cdeb9c84d24a8293ba1d90/mdurl-0.1.2.tar.gz", hash = "sha256:bb413d29f5eea38f31dd4754dd7377d4465116fb207585f97bf925588687c1ba", size = 8729, upload-time = "2022-08-14T12:40:10.846Z" }
wheels = [
    { url = "https://files.pythonhosted.org/packages/b3/38/89ba8ad64ae25be8de66a6d463314cf1eb366222074cfda9ee839c56a4b4/mdurl-0.1.2-py3-none-any.whl", hash = "sha256:84008a41e51615a49fc9966191ff91509e3c40b939176e643fd50a5c2196b8f8", size = 9979, upload-time = "2022-08-14T12:40:09.779Z" },
]

[[package]]
name = "nodejs-wheel-binaries"
version = "24.13.0"
source = { registry = "https://pypi.org/simple" }
sdist = { url = "https://files.pythonhosted.org/packages/b7/f1/73182280e2c05f49a7c2c8dbd46144efe3f74f03f798fb90da67b4a93bbf/nodejs_wheel_binaries-24.13.0.tar.gz", hash = "sha256:766aed076e900061b83d3e76ad48bfec32a035ef0d41bd09c55e832eb93ef7a4", size = 8056, upload-time = "2026-01-14T11:05:33.653Z" }
wheels = [
    { url = "https://files.pythonhosted.org/packages/c4/dc/4d7548aa74a5b446d093f03aff4fb236b570959d793f21c9c42ab6ad870a/nodejs_wheel_binaries-24.13.0-py2.py3-none-macosx_13_0_arm64.whl", hash = "sha256:356654baa37bfd894e447e7e00268db403ea1d223863963459a0fbcaaa1d9d48", size = 55133268, upload-time = "2026-01-14T11:05:05.335Z" },
    { url = "https://files.pythonhosted.org/packages/24/8a/8a4454d28339487240dd2232f42f1090e4a58544c581792d427f6239798c/nodejs_wheel_binaries-24.13.0-py2.py3-none-macosx_13_0_x86_64.whl", hash = "sha256:92fdef7376120e575f8b397789bafcb13bbd22a1b4d21b060d200b14910f22a5", size = 55314800, upload-time = "2026-01-14T11:05:09.121Z" },
    { url = "https://files.pythonhosted.org/packages/e7/fb/46c600fcc748bd13bc536a735f11532a003b14f5c4dfd6865f5911672175/nodejs_wheel_binaries-24.13.0-py2.py3-none-manylinux_2_28_aarch64.whl", hash = "sha256:3f619ac140e039ecd25f2f71d6e83ad1414017a24608531851b7c31dc140cdfd", size = 59666320, upload-time = "2026-01-14T11:05:12.369Z" },
    { url = "https://files.pythonhosted.org/packages/85/47/d48f11fc5d1541ace5d806c62a45738a1db9ce33e85a06fe4cd3d9ce83f6/nodejs_wheel_binaries-24.13.0-py2.py3-none-manylinux_2_28_x86_64.whl", hash = "sha256:dfb31ebc2c129538192ddb5bedd3d63d6de5d271437cd39ea26bf3fe229ba430", size = 60162447, upload-time = "2026-01-14T11:05:16.003Z" },
    { url = "https://files.pythonhosted.org/packages/b1/74/d285c579ae8157c925b577dde429543963b845e69cd006549e062d1cf5b6/nodejs_wheel_binaries-24.13.0-py2.py3-none-musllinux_1_2_aarch64.whl", hash = "sha256:fdd720d7b378d5bb9b2710457bbc880d4c4d1270a94f13fbe257198ac707f358", size = 61659994, upload-time = "2026-01-14T11:05:19.68Z" },
    { url = "https://files.pythonhosted.org/packages/ba/97/88b4254a2ff93ed2eaed725f77b7d3d2d8d7973bf134359ce786db894faf/nodejs_wheel_binaries-24.13.0-py2.py3-none-musllinux_1_2_x86_64.whl", hash = "sha256:9ad6383613f3485a75b054647a09f1cd56d12380d7459184eebcf4a5d403f35c", size = 62244373, upload-time = "2026-01-14T11:05:23.987Z" },
    { url = "https://files.pythonhosted.org/packages/4e/c3/0e13a3da78f08cb58650971a6957ac7bfef84164b405176e53ab1e3584e2/nodejs_wheel_binaries-24.13.0-py2.py3-none-win_amd64.whl", hash = "sha256:605be4763e3ef427a3385a55da5a1bcf0a659aa2716eebbf23f332926d7e5f23", size = 41345528, upload-time = "2026-01-14T11:05:27.67Z" },
    { url = "https://files.pythonhosted.org/packages/a3/f1/0578d65b4e3dc572967fd702221ea1f42e1e60accfb6b0dd8d8f15410139/nodejs_wheel_binaries-24.13.0-py2.py3-none-win_arm64.whl", hash = "sha256:2e3431d869d6b2dbeef1d469ad0090babbdcc8baaa72c01dd3cc2c6121c96af5", size = 39054688, upload-time = "2026-01-14T11:05:30.739Z" },
]

[[package]]
name = "pygments"
version = "2.19.2"
source = { registry = "https://pypi.org/simple" }
sdist = { url = "https://files.pythonhosted.org/packages/b0/77/a5b8c569bf593b0140bde72ea885a803b82086995367bf2037de0159d924/pygments-2.19.2.tar.gz", hash = "sha256:636cb2477cec7f8952536970bc533bc43743542f70392ae026374600add5b887", size = 4968631, upload-time = "2025-06-21T13:39:12.283Z" }
wheels = [
    { url = "https://files.pythonhosted.org/packages/c7/21/705964c7812476f378728bdf590ca4b771ec72385c533964653c68e86bdc/pygments-2.19.2-py3-none-any.whl", hash = "sha256:86540386c03d588bb81d44bc3928634ff26449851e99741617ecb9037ee5ec0b", size = 1225217, upload-time = "2025-06-21T13:39:07.939Z" },
]

[[package]]
name = "rich"
version = "14.2.0"
source = { registry = "https://pypi.org/simple" }
dependencies = [
    { name = "markdown-it-py" },
    { name = "pygments" },
]
sdist = { url = "https://files.pythonhosted.org/packages/fb/d2/8920e102050a0de7bfabeb4c4614a49248cf8d5d7a8d01885fbb24dc767a/rich-14.2.0.tar.gz", hash = "sha256:73ff50c7c0c1c77c8243079283f4edb376f0f6442433aecb8ce7e6d0b92d1fe4", size = 219990, upload-time = "2025-10-09T14:16:53.064Z" }
wheels = [
    { url = "https://files.pythonhosted.org/packages/25/7a/b0178788f8dc6cafce37a212c99565fa1fe7872c70c6c9c1e1a372d9d88f/rich-14.2.0-py3-none-any.whl", hash = "sha256:76bc51fe2e57d2b1be1f96c524b890b816e334ab4c1e45888799bfaab0021edd", size = 243393, upload-time = "2025-10-09T14:16:51.245Z" },
]

[[package]]
name = "ruff"
version = "0.14.13"
source = { registry = "https://pypi.org/simple" }
sdist = { url = "https://files.pythonhosted.org/packages/50/0a/1914efb7903174b381ee2ffeebb4253e729de57f114e63595114c8ca451f/ruff-0.14.13.tar.gz", hash = "sha256:83cd6c0763190784b99650a20fec7633c59f6ebe41c5cc9d45ee42749563ad47", size = 6059504, upload-time = "2026-01-15T20:15:16.918Z" }
wheels = [
    { url = "https://files.pythonhosted.org/packages/c3/ae/0deefbc65ca74b0ab1fd3917f94dc3b398233346a74b8bbb0a916a1a6bf6/ruff-0.14.13-py3-none-linux_armv6l.whl", hash = "sha256:76f62c62cd37c276cb03a275b198c7c15bd1d60c989f944db08a8c1c2dbec18b", size = 13062418, upload-time = "2026-01-15T20:14:50.779Z" },
    { url = "https://files.pythonhosted.org/packages/47/df/5916604faa530a97a3c154c62a81cb6b735c0cb05d1e26d5ad0f0c8ac48a/ruff-0.14.13-py3-none-macosx_10_12_x86_64.whl", hash = "sha256:914a8023ece0528d5cc33f5a684f5f38199bbb566a04815c2c211d8f40b5d0ed", size = 13442344, upload-time = "2026-01-15T20:15:07.94Z" },
    { url = "https://files.pythonhosted.org/packages/4c/f3/e0e694dd69163c3a1671e102aa574a50357536f18a33375050334d5cd517/ruff-0.14.13-py3-none-macosx_11_0_arm64.whl", hash = "sha256:d24899478c35ebfa730597a4a775d430ad0d5631b8647a3ab368c29b7e7bd063", size = 12354720, upload-time = "2026-01-15T20:15:09.854Z" },
    { url = "https://files.pythonhosted.org/packages/c3/e8/67f5fcbbaee25e8fc3b56cc33e9892eca7ffe09f773c8e5907757a7e3bdb/ruff-0.14.13-py3-none-manylinux_2_17_aarch64.manylinux2014_aarch64.whl", hash = "sha256:9aaf3870f14d925bbaf18b8a2347ee0ae7d95a2e490e4d4aea6813ed15ebc80e", size = 12774493, upload-time = "2026-01-15T20:15:20.908Z" },
    { url = "https://files.pythonhosted.org/packages/6b/ce/d2e9cb510870b52a9565d885c0d7668cc050e30fa2c8ac3fb1fda15c083d/ruff-0.14.13-py3-none-manylinux_2_17_armv7l.manylinux2014_armv7l.whl", hash = "sha256:ac5b7f63dd3b27cc811850f5ffd8fff845b00ad70e60b043aabf8d6ecc304e09", size = 12815174, upload-time = "2026-01-15T20:15:05.74Z" },
    { url = "https://files.pythonhosted.org/packages/88/00/c38e5da58beebcf4fa32d0ddd993b63dfacefd02ab7922614231330845bf/ruff-0.14.13-py3-none-manylinux_2_17_i686.manylinux2014_i686.whl", hash = "sha256:78d2b1097750d90ba82ce4ba676e85230a0ed694178ca5e61aa9b459970b3eb9", size = 13680909, upload-time = "2026-01-15T20:15:14.537Z" },
    { url = "https://files.pythonhosted.org/packages/61/61/cd37c9dd5bd0a3099ba79b2a5899ad417d8f3b04038810b0501a80814fd7/ruff-0.14.13-py3-none-manylinux_2_17_ppc64.manylinux2014_ppc64.whl", hash = "sha256:7d0bf87705acbbcb8d4c24b2d77fbb73d40210a95c3903b443cd9e30824a5032", size = 15144215, upload-time = "2026-01-15T20:15:22.886Z" },
    { url = "https://files.pythonhosted.org/packages/56/8a/85502d7edbf98c2df7b8876f316c0157359165e16cdf98507c65c8d07d3d/ruff-0.14.13-py3-none-manylinux_2_17_ppc64le.manylinux2014_ppc64le.whl", hash = "sha256:a3eb5da8e2c9e9f13431032fdcbe7681de9ceda5835efee3269417c13f1fed5c", size = 14706067, upload-time = "2026-01-15T20:14:48.271Z" },
    { url = "https://files.pythonhosted.org/packages/7e/2f/de0df127feb2ee8c1e54354dc1179b4a23798f0866019528c938ba439aca/ruff-0.14.13-py3-none-manylinux_2_17_s390x.manylinux2014_s390x.whl", hash = "sha256:642442b42957093811cd8d2140dfadd19c7417030a7a68cf8d51fcdd5f217427", size = 14133916, upload-time = "2026-01-15T20:14:57.357Z" },
    { url = "https://files.pythonhosted.org/packages/0d/77/9b99686bb9fe07a757c82f6f95e555c7a47801a9305576a9c67e0a31d280/ruff-0.14.13-py3-none-manylinux_2_17_x86_64.manylinux2014_x86_64.whl", hash = "sha256:4acdf009f32b46f6e8864af19cbf6841eaaed8638e65c8dac845aea0d703c841", size = 13859207, upload-time = "2026-01-15T20:14:55.111Z" },
    { url = "https://files.pythonhosted.org/packages/7d/46/2bdcb34a87a179a4d23022d818c1c236cb40e477faf0d7c9afb6813e5876/ruff-0.14.13-py3-none-manylinux_2_31_riscv64.whl", hash = "sha256:591a7f68860ea4e003917d19b5c4f5ac39ff558f162dc753a2c5de897fd5502c", size = 14043686, upload-time = "2026-01-15T20:14:52.841Z" },
    { url = "https://files.pythonhosted.org/packages/1a/a9/5c6a4f56a0512c691cf143371bcf60505ed0f0860f24a85da8bd123b2bf1/ruff-0.14.13-py3-none-musllinux_1_2_aarch64.whl", hash = "sha256:774c77e841cc6e046fc3e91623ce0903d1cd07e3a36b1a9fe79b81dab3de506b", size = 12663837, upload-time = "2026-01-15T20:15:18.921Z" },
    { url = "https://files.pythonhosted.org/packages/fe/bb/b920016ece7651fa7fcd335d9d199306665486694d4361547ccb19394c44/ruff-0.14.13-py3-none-musllinux_1_2_armv7l.whl", hash = "sha256:61f4e40077a1248436772bb6512db5fc4457fe4c49e7a94ea7c5088655dd21ae", size = 12805867, upload-time = "2026-01-15T20:14:59.272Z" },
    { url = "https://files.pythonhosted.org/packages/7d/b3/0bd909851e5696cd21e32a8fc25727e5f58f1934b3596975503e6e85415c/ruff-0.14.13-py3-none-musllinux_1_2_i686.whl", hash = "sha256:6d02f1428357fae9e98ac7aa94b7e966fd24151088510d32cf6f902d6c09235e", size = 13208528, upload-time = "2026-01-15T20:15:03.732Z" },
    { url = "https://files.pythonhosted.org/packages/3b/3b/e2d94cb613f6bbd5155a75cbe072813756363eba46a3f2177a1fcd0cd670/ruff-0.14.13-py3-none-musllinux_1_2_x86_64.whl", hash = "sha256:e399341472ce15237be0c0ae5fbceca4b04cd9bebab1a2b2c979e015455d8f0c", size = 13929242, upload-time = "2026-01-15T20:15:11.918Z" },
    { url = "https://files.pythonhosted.org/packages/6a/c5/abd840d4132fd51a12f594934af5eba1d5d27298a6f5b5d6c3be45301caf/ruff-0.14.13-py3-none-win32.whl", hash = "sha256:ef720f529aec113968b45dfdb838ac8934e519711da53a0456038a0efecbd680", size = 12919024, upload-time = "2026-01-15T20:14:43.647Z" },
    { url = "https://files.pythonhosted.org/packages/c2/55/6384b0b8ce731b6e2ade2b5449bf07c0e4c31e8a2e68ea65b3bafadcecc5/ruff-0.14.13-py3-none-win_amd64.whl", hash = "sha256:6070bd026e409734b9257e03e3ef18c6e1a216f0435c6751d7a8ec69cb59abef", size = 14097887, upload-time = "2026-01-15T20:15:01.48Z" },
    { url = "https://files.pythonhosted.org/packages/4d/e1/7348090988095e4e39560cfc2f7555b1b2a7357deba19167b600fdf5215d/ruff-0.14.13-py3-none-win_arm64.whl", hash = "sha256:7ab819e14f1ad9fe39f246cfcc435880ef7a9390d81a2b6ac7e01039083dd247", size = 13080224, upload-time = "2026-01-15T20:14:45.853Z" },
]

[[package]]
name = "shellingham"
version = "1.5.4"
source = { registry = "https://pypi.org/simple" }
sdist = { url = "https://files.pythonhosted.org/packages/58/15/8b3609fd3830ef7b27b655beb4b4e9c62313a4e8da8c676e142cc210d58e/shellingham-1.5.4.tar.gz", hash = "sha256:8dbca0739d487e5bd35ab3ca4b36e11c4078f3a234bfce294b0a0291363404de", size = 10310, upload-time = "2023-10-24T04:13:40.426Z" }
wheels = [
    { url = "https://files.pythonhosted.org/packages/e0/f9/0595336914c5619e5f28a1fb793285925a8cd4b432c9da0a987836c7f822/shellingham-1.5.4-py2.py3-none-any.whl", hash = "sha256:7ecfff8f2fd72616f7481040475a65b2bf8af90a56c89140852d1120324e8686", size = 9755, upload-time = "2023-10-24T04:13:38.866Z" },
]

[[package]]
name = "tree-sitter"
version = "0.25.2"
source = { registry = "https://pypi.org/simple" }
sdist = { url = "https://files.pythonhosted.org/packages/66/7c/0350cfc47faadc0d3cf7d8237a4e34032b3014ddf4a12ded9933e1648b55/tree-sitter-0.25.2.tar.gz", hash = "sha256:fe43c158555da46723b28b52e058ad444195afd1db3ca7720c59a254544e9c20", size = 177961, upload-time = "2025-09-25T17:37:59.751Z" }
wheels = [
    { url = "https://files.pythonhosted.org/packages/8c/67/67492014ce32729b63d7ef318a19f9cfedd855d677de5773476caf771e96/tree_sitter-0.25.2-cp313-cp313-macosx_10_13_x86_64.whl", hash = "sha256:0628671f0de69bb279558ef6b640bcfc97864fe0026d840f872728a86cd6b6cd", size = 146926, upload-time = "2025-09-25T17:37:43.041Z" },
    { url = "https://files.pythonhosted.org/packages/4e/9c/a278b15e6b263e86c5e301c82a60923fa7c59d44f78d7a110a89a413e640/tree_sitter-0.25.2-cp313-cp313-macosx_11_0_arm64.whl", hash = "sha256:f5ddcd3e291a749b62521f71fc953f66f5fd9743973fd6dd962b092773569601", size = 137712, upload-time = "2025-09-25T17:37:44.039Z" },
    { url = "https://files.pythonhosted.org/packages/54/9a/423bba15d2bf6473ba67846ba5244b988cd97a4b1ea2b146822162256794/tree_sitter-0.25.2-cp313-cp313-manylinux2014_aarch64.manylinux_2_17_aarch64.manylinux_2_28_aarch64.whl", hash = "sha256:bd88fbb0f6c3a0f28f0a68d72df88e9755cf5215bae146f5a1bdc8362b772053", size = 607873, upload-time = "2025-09-25T17:37:45.477Z" },
    { url = "https://files.pythonhosted.org/packages/ed/4c/b430d2cb43f8badfb3a3fa9d6cd7c8247698187b5674008c9d67b2a90c8e/tree_sitter-0.25.2-cp313-cp313-manylinux2014_x86_64.manylinux_2_17_x86_64.manylinux_2_28_x86_64.whl", hash = "sha256:b878e296e63661c8e124177cc3084b041ba3f5936b43076d57c487822426f614", size = 636313, upload-time = "2025-09-25T17:37:46.68Z" },
    { url = "https://files.pythonhosted.org/packages/9d/27/5f97098dbba807331d666a0997662e82d066e84b17d92efab575d283822f/tree_sitter-0.25.2-cp313-cp313-musllinux_1_2_x86_64.whl", hash = "sha256:d77605e0d353ba3fe5627e5490f0fbfe44141bafa4478d88ef7954a61a848dae", size = 631370, upload-time = "2025-09-25T17:37:47.993Z" },
    { url = "https://files.pythonhosted.org/packages/d4/3c/87caaed663fabc35e18dc704cd0e9800a0ee2f22bd18b9cbe7c10799895d/tree_sitter-0.25.2-cp313-cp313-win_amd64.whl", hash = "sha256:463c032bd02052d934daa5f45d183e0521ceb783c2548501cf034b0beba92c9b", size = 127157, upload-time = "2025-09-25T17:37:48.967Z" },
    { url = "https://files.pythonhosted.org/packages/d5/23/f8467b408b7988aff4ea40946a4bd1a2c1a73d17156a9d039bbaff1e2ceb/tree_sitter-0.25.2-cp313-cp313-win_arm64.whl", hash = "sha256:b3f63a1796886249bd22c559a5944d64d05d43f2be72961624278eff0dcc5cb8", size = 113975, upload-time = "2025-09-25T17:37:49.922Z" },
    { url = "https://files.pythonhosted.org/packages/07/e3/d9526ba71dfbbe4eba5e51d89432b4b333a49a1e70712aa5590cd22fc74f/tree_sitter-0.25.2-cp314-cp314-macosx_10_13_x86_64.whl", hash = "sha256:65d3c931013ea798b502782acab986bbf47ba2c452610ab0776cf4a8ef150fc0", size = 146776, upload-time = "2025-09-25T17:37:50.898Z" },
    { url = "https://files.pythonhosted.org/packages/42/97/4bd4ad97f85a23011dd8a535534bb1035c4e0bac1234d58f438e15cff51f/tree_sitter-0.25.2-cp314-cp314-macosx_11_0_arm64.whl", hash = "sha256:bda059af9d621918efb813b22fb06b3fe00c3e94079c6143fcb2c565eb44cb87", size = 137732, upload-time = "2025-09-25T17:37:51.877Z" },
    { url = "https://files.pythonhosted.org/packages/b6/19/1e968aa0b1b567988ed522f836498a6a9529a74aab15f09dd9ac1e41f505/tree_sitter-0.25.2-cp314-cp314-manylinux2014_aarch64.manylinux_2_17_aarch64.manylinux_2_28_aarch64.whl", hash = "sha256:eac4e8e4c7060c75f395feec46421eb61212cb73998dbe004b7384724f3682ab", size = 609456, upload-time = "2025-09-25T17:37:52.925Z" },
    { url = "https://files.pythonhosted.org/packages/48/b6/cf08f4f20f4c9094006ef8828555484e842fc468827ad6e56011ab668dbd/tree_sitter-0.25.2-cp314-cp314-manylinux2014_x86_64.manylinux_2_17_x86_64.manylinux_2_28_x86_64.whl", hash = "sha256:260586381b23be33b6191a07cea3d44ecbd6c01aa4c6b027a0439145fcbc3358", size = 636772, upload-time = "2025-09-25T17:37:54.647Z" },
    { url = "https://files.pythonhosted.org/packages/57/e2/d42d55bf56360987c32bc7b16adb06744e425670b823fb8a5786a1cea991/tree_sitter-0.25.2-cp314-cp314-musllinux_1_2_x86_64.whl", hash = "sha256:7d2ee1acbacebe50ba0f85fff1bc05e65d877958f00880f49f9b2af38dce1af0", size = 631522, upload-time = "2025-09-25T17:37:55.833Z" },
    { url = "https://files.pythonhosted.org/packages/03/87/af9604ebe275a9345d88c3ace0cf2a1341aa3f8ef49dd9fc11662132df8a/tree_sitter-0.25.2-cp314-cp314-win_amd64.whl", hash = "sha256:4973b718fcadfb04e59e746abfbb0288694159c6aeecd2add59320c03368c721", size = 130864, upload-time = "2025-09-25T17:37:57.453Z" },
    { url = "https://files.pythonhosted.org/packages/a6/6e/e64621037357acb83d912276ffd30a859ef117f9c680f2e3cb955f47c680/tree_sitter-0.25.2-cp314-cp314-win_arm64.whl", hash = "sha256:b8d4429954a3beb3e844e2872610d2a4800ba4eb42bb1990c6a4b1949b18459f", size = 117470, upload-time = "2025-09-25T17:37:58.431Z" },
]

[[package]]
name = "tree-sitter-c-sharp"
version = "0.23.1"
source = { registry = "https://pypi.org/simple" }
sdist = { url = "https://files.pythonhosted.org/packages/22/85/a61c782afbb706a47d990eaee6977e7c2bd013771c5bf5c81c617684f286/tree_sitter_c_sharp-0.23.1.tar.gz", hash = "sha256:322e2cfd3a547a840375276b2aea3335fa6458aeac082f6c60fec3f745c967eb", size = 1317728, upload-time = "2024-11-11T05:25:32.535Z" }
wheels = [
    { url = "https://files.pythonhosted.org/packages/58/04/f6c2df4c53a588ccd88d50851155945cff8cd887bd70c175e00aaade7edf/tree_sitter_c_sharp-0.23.1-cp39-abi3-macosx_10_9_x86_64.whl", hash = "sha256:2b612a6e5bd17bb7fa2aab4bb6fc1fba45c94f09cb034ab332e45603b86e32fd", size = 372235, upload-time = "2024-11-11T05:25:19.424Z" },
    { url = "https://files.pythonhosted.org/packages/99/10/1aa9486f1e28fc22810fa92cbdc54e1051e7f5536a5e5b5e9695f609b31e/tree_sitter_c_sharp-0.23.1-cp39-abi3-macosx_11_0_arm64.whl", hash = "sha256:1a8b98f62bc53efcd4d971151950c9b9cd5cbe3bacdb0cd69fdccac63350d83e", size = 419046, upload-time = "2024-11-11T05:25:20.679Z" },
    { url = "https://files.pythonhosted.org/packages/0f/21/13df29f8fcb9ba9f209b7b413a4764b673dfd58989a0dd67e9c7e19e9c2e/tree_sitter_c_sharp-0.23.1-cp39-abi3-manylinux_2_17_aarch64.manylinux2014_aarch64.whl", hash = "sha256:986e93d845a438ec3c4416401aa98e6a6f6631d644bbbc2e43fcb915c51d255d", size = 415999, upload-time = "2024-11-11T05:25:22.359Z" },
    { url = "https://files.pythonhosted.org/packages/ca/72/fc6846795bcdae2f8aa94cc8b1d1af33d634e08be63e294ff0d6794b1efc/tree_sitter_c_sharp-0.23.1-cp39-abi3-manylinux_2_5_x86_64.manylinux1_x86_64.manylinux_2_17_x86_64.manylinux2014_x86_64.whl", hash = "sha256:a8024e466b2f5611c6dc90321f232d8584893c7fb88b75e4a831992f877616d2", size = 402830, upload-time = "2024-11-11T05:25:24.198Z" },
    { url = "https://files.pythonhosted.org/packages/fe/3a/b6028c5890ce6653807d5fa88c72232c027c6ceb480dbeb3b186d60e5971/tree_sitter_c_sharp-0.23.1-cp39-abi3-musllinux_1_2_x86_64.whl", hash = "sha256:7f9bf876866835492281d336b9e1f9626ab668737f74e914c31d285261507da7", size = 397880, upload-time = "2024-11-11T05:25:25.937Z" },
    { url = "https://files.pythonhosted.org/packages/47/d2/4facaa34b40f8104d8751746d0e1cd2ddf0beb9f1404b736b97f372bd1f3/tree_sitter_c_sharp-0.23.1-cp39-abi3-win_amd64.whl", hash = "sha256:ae9a9e859e8f44e2b07578d44f9a220d3fa25b688966708af6aa55d42abeebb3", size = 377562, upload-time = "2024-11-11T05:25:27.539Z" },
    { url = "https://files.pythonhosted.org/packages/d8/88/3cf6bd9959d94d1fec1e6a9c530c5f08ff4115a474f62aedb5fedb0f7241/tree_sitter_c_sharp-0.23.1-cp39-abi3-win_arm64.whl", hash = "sha256:c81548347a93347be4f48cb63ec7d60ef4b0efa91313330e69641e49aa5a08c5", size = 375157, upload-time = "2024-11-11T05:25:30.839Z" },
]

[[package]]
name = "tree-sitter-debug-cli"
version = "0.1.0"
source = { virtual = "." }
dependencies = [
    { name = "rich" },
    { name = "tree-sitter-language-pack" },
    { name = "typer" },
]

[package.dev-dependencies]
dev = [
    { name = "basedpyright" },
    { name = "ruff" },
]

[package.metadata]
requires-dist = [
    { name = "rich", specifier = ">=14.2.0" },
    { name = "tree-sitter-language-pack", specifier = ">=0.13.0" },
    { name = "typer", specifier = ">=0.21.1" },
]

[package.metadata.requires-dev]
dev = [
    { name = "basedpyright", specifier = ">=1.37.1" },
    { name = "ruff", specifier = ">=0.14.13" },
]

[[package]]
name = "tree-sitter-embedded-template"
version = "0.25.0"
source = { registry = "https://pypi.org/simple" }
sdist = { url = "https://files.pythonhosted.org/packages/fd/a7/77729fefab8b1b5690cfc54328f2f629d1c076d16daf32c96ba39d3a3a3a/tree_sitter_embedded_template-0.25.0.tar.gz", hash = "sha256:7d72d5e8a1d1d501a7c90e841b51f1449a90cc240be050e4fb85c22dab991d50", size = 14114, upload-time = "2025-08-29T00:42:51.078Z" }
wheels = [
    { url = "https://files.pythonhosted.org/packages/1f/9d/3e3c8ee0c019d3bace728300a1ca807c03df39e66cc51e9a5e7c9d1e1909/tree_sitter_embedded_template-0.25.0-cp310-abi3-macosx_10_9_x86_64.whl", hash = "sha256:fa0d06467199aeb33fb3d6fa0665bf9b7d5a32621ffdaf37fd8249f8a8050649", size = 10266, upload-time = "2025-08-29T00:42:44.148Z" },
    { url = "https://files.pythonhosted.org/packages/e8/ab/6d4e43b736b2a895d13baea3791dc8ce7245bedf4677df9e7deb22e23a2a/tree_sitter_embedded_template-0.25.0-cp310-abi3-macosx_11_0_arm64.whl", hash = "sha256:fc7aacbc2985a5d7e7fe7334f44dffe24c38fb0a8295c4188a04cf21a3d64a73", size = 10650, upload-time = "2025-08-29T00:42:45.147Z" },
    { url = "https://files.pythonhosted.org/packages/9f/97/ea3d1ea4b320fe66e0468b9f6602966e544c9fe641882484f9105e50ee0c/tree_sitter_embedded_template-0.25.0-cp310-abi3-manylinux1_x86_64.manylinux_2_28_x86_64.manylinux_2_5_x86_64.whl", hash = "sha256:a7c88c3dd8b94b3c9efe8ae071ff6b1b936a27ac5f6e651845c3b9631fa4c1c2", size = 18268, upload-time = "2025-08-29T00:42:46.03Z" },
    { url = "https://files.pythonhosted.org/packages/64/40/0f42ca894a8f7c298cf336080046ccc14c10e8f4ea46d455f640193181b2/tree_sitter_embedded_template-0.25.0-cp310-abi3-manylinux2014_aarch64.manylinux_2_17_aarch64.manylinux_2_28_aarch64.whl", hash = "sha256:025f7ca84218dcd8455efc901bdbcc2689fb694f3a636c0448e322a23d4bc96b", size = 19068, upload-time = "2025-08-29T00:42:46.699Z" },
    { url = "https://files.pythonhosted.org/packages/d0/2a/0b720bcae7c2dd0a44889c09e800a2f8eb08c496dede9f2b97683506c4c3/tree_sitter_embedded_template-0.25.0-cp310-abi3-musllinux_1_2_aarch64.whl", hash = "sha256:b5dc1aef6ffa3fae621fe037d85dd98948b597afba20df29d779c426be813ee5", size = 18518, upload-time = "2025-08-29T00:42:47.694Z" },
    { url = "https://files.pythonhosted.org/packages/14/8a/d745071afa5e8bdf5b381cf84c4dc6be6c79dee6af8e0ff07476c3d8e4aa/tree_sitter_embedded_template-0.25.0-cp310-abi3-musllinux_1_2_x86_64.whl", hash = "sha256:d0a35cfe634c44981a516243bc039874580e02a2990669313730187ce83a5bc6", size = 18267, upload-time = "2025-08-29T00:42:48.635Z" },
    { url = "https://files.pythonhosted.org/packages/5d/74/728355e594fca140f793f234fdfec195366b6956b35754d00ea97ca18b21/tree_sitter_embedded_template-0.25.0-cp310-abi3-win_amd64.whl", hash = "sha256:3e05a4ac013d54505e75ae48e1a0e9db9aab19949fe15d9f4c7345b11a84a069", size = 13049, upload-time = "2025-08-29T00:42:49.589Z" },
    { url = "https://files.pythonhosted.org/packages/d8/de/afac475e694d0e626b0808f3c86339c349cd15c5163a6a16a53cc11cf892/tree_sitter_embedded_template-0.25.0-cp310-abi3-win_arm64.whl", hash = "sha256:2751d402179ac0e83f2065b249d8fe6df0718153f1636bcb6a02bde3e5730db9", size = 11978, upload-time = "2025-08-29T00:42:50.226Z" },
]

[[package]]
name = "tree-sitter-language-pack"
version = "0.13.0"
source = { registry = "https://pypi.org/simple" }
dependencies = [
    { name = "tree-sitter" },
    { name = "tree-sitter-c-sharp" },
    { name = "tree-sitter-embedded-template" },
    { name = "tree-sitter-yaml" },
]
sdist = { url = "https://files.pythonhosted.org/packages/c1/83/d1bc738d6f253f415ee54a8afb99640f47028871436f53f2af637c392c4f/tree_sitter_language_pack-0.13.0.tar.gz", hash = "sha256:032034c5e27b1f6e00730b9e7c2dbc8203b4700d0c681fd019d6defcf61183ec", size = 51353370, upload-time = "2025-11-26T14:01:04.586Z" }
wheels = [
    { url = "https://files.pythonhosted.org/packages/e9/38/aec1f450ae5c4796de8345442f297fcf8912c7d2e00a66d3236ff0f825ed/tree_sitter_language_pack-0.13.0-cp310-abi3-macosx_10_15_universal2.whl", hash = "sha256:0e7eae812b40a2dc8a12eb2f5c55e130eb892706a0bee06215dd76affeb00d07", size = 32991857, upload-time = "2025-11-26T14:00:51.459Z" },
    { url = "https://files.pythonhosted.org/packages/90/09/11f51c59ede786dccddd2d348d5d24a1d99c54117d00f88b477f5fae4bd5/tree_sitter_language_pack-0.13.0-cp310-abi3-manylinux2014_aarch64.whl", hash = "sha256:7fdacf383418a845b20772118fcb53ad245f9c5d409bd07dae16acec65151756", size = 20092989, upload-time = "2025-11-26T14:00:54.202Z" },
    { url = "https://files.pythonhosted.org/packages/72/9d/644db031047ab1a70fc5cb6a79a4d4067080fac628375b2320752d2d7b58/tree_sitter_language_pack-0.13.0-cp310-abi3-manylinux2014_x86_64.whl", hash = "sha256:0d4f261fce387ae040dae7e4d1c1aca63d84c88320afcc0961c123bec0be8377", size = 19952029, upload-time = "2025-11-26T14:00:56.699Z" },
    { url = "https://files.pythonhosted.org/packages/48/92/5fd749bbb3f5e4538492c77de7bc51a5e479fec6209464ddc25be9153b13/tree_sitter_language_pack-0.13.0-cp310-abi3-musllinux_1_2_x86_64.whl", hash = "sha256:78f369dc4d456c5b08d659939e662c2f9b9fba8c0ec5538a1f973e01edfcf04d", size = 19944614, upload-time = "2025-11-26T14:00:59.381Z" },
    { url = "https://files.pythonhosted.org/packages/97/59/2287f07723c063475d6657babed0d5569f4b499e393ab51354d529c3e7b5/tree_sitter_language_pack-0.13.0-cp310-abi3-win_amd64.whl", hash = "sha256:1cdbc88a03dacd47bec69e56cc20c48eace1fbb6f01371e89c3ee6a2e8f34db1", size = 16896852, upload-time = "2025-11-26T14:01:01.788Z" },
]

[[package]]
name = "tree-sitter-yaml"
version = "0.7.2"
source = { registry = "https://pypi.org/simple" }
sdist = { url = "https://files.pythonhosted.org/packages/57/b6/941d356ac70c90b9d2927375259e3a4204f38f7499ec6e7e8a95b9664689/tree_sitter_yaml-0.7.2.tar.gz", hash = "sha256:756db4c09c9d9e97c81699e8f941cb8ce4e51104927f6090eefe638ee567d32c", size = 84882, upload-time = "2025-10-07T14:40:36.071Z" }
wheels = [
    { url = "https://files.pythonhosted.org/packages/38/29/c0b8dbff302c49ff4284666ffb6f2f21145006843bb4c3a9a85d0ec0b7ae/tree_sitter_yaml-0.7.2-cp310-abi3-macosx_10_9_x86_64.whl", hash = "sha256:7e269ddcfcab8edb14fbb1f1d34eed1e1e26888f78f94eedfe7cc98c60f8bc9f", size = 43898, upload-time = "2025-10-07T14:40:29.486Z" },
    { url = "https://files.pythonhosted.org/packages/18/0d/15a5add06b3932b5e4ce5f5e8e179197097decfe82a0ef000952c8b98216/tree_sitter_yaml-0.7.2-cp310-abi3-macosx_11_0_arm64.whl", hash = "sha256:0807b7966e23ddf7dddc4545216e28b5a58cdadedcecca86b8d8c74271a07870", size = 44691, upload-time = "2025-10-07T14:40:30.369Z" },
    { url = "https://files.pythonhosted.org/packages/72/92/c4b896c90d08deb8308fadbad2210fdcc4c66c44ab4292eac4e80acb4b61/tree_sitter_yaml-0.7.2-cp310-abi3-manylinux1_x86_64.manylinux_2_28_x86_64.manylinux_2_5_x86_64.whl", hash = "sha256:f1a5c60c98b6c4c037aae023569f020d0c489fad8dc26fdfd5510363c9c29a41", size = 91430, upload-time = "2025-10-07T14:40:31.16Z" },
    { url = "https://files.pythonhosted.org/packages/89/59/61f1fed31eb6d46ff080b8c0d53658cf29e10263f41ef5fe34768908037a/tree_sitter_yaml-0.7.2-cp310-abi3-manylinux2014_aarch64.manylinux_2_17_aarch64.manylinux_2_28_aarch64.whl", hash = "sha256:88636d19d0654fd24f4f242eaaafa90f6f5ebdba8a62e4b32d251ed156c51a2a", size = 92428, upload-time = "2025-10-07T14:40:31.954Z" },
    { url = "https://files.pythonhosted.org/packages/e3/62/a33a04d19b7f9a0ded780b9c9fcc6279e37c5d00b89b00425bb807a22cc2/tree_sitter_yaml-0.7.2-cp310-abi3-musllinux_1_2_aarch64.whl", hash = "sha256:1d2e8f0bb14aa4537320952d0f9607eef3021d5aada8383c34ebeece17db1e06", size = 90580, upload-time = "2025-10-07T14:40:33.037Z" },
    { url = "https://files.pythonhosted.org/packages/6c/e7/9525defa7b30792623f56b1fba9bbba361752348875b165b8975b87398fd/tree_sitter_yaml-0.7.2-cp310-abi3-musllinux_1_2_x86_64.whl", hash = "sha256:74ca712c50fc9d7dbc68cb36b4a7811d6e67a5466b5a789f19bf8dd6084ef752", size = 90455, upload-time = "2025-10-07T14:40:33.778Z" },
    { url = "https://files.pythonhosted.org/packages/4a/d6/8d1e1ace03db3b02e64e91daf21d1347941d1bbecc606a5473a1a605250d/tree_sitter_yaml-0.7.2-cp310-abi3-win_amd64.whl", hash = "sha256:7587b5ca00fc4f9a548eff649697a3b395370b2304b399ceefa2087d8a6c9186", size = 45514, upload-time = "2025-10-07T14:40:34.562Z" },
    { url = "https://files.pythonhosted.org/packages/d8/c7/dcf3ea1c4f5da9b10353b9af4455d756c92d728a8f58f03c480d3ef0ead5/tree_sitter_yaml-0.7.2-cp310-abi3-win_arm64.whl", hash = "sha256:f63c227b18e7ce7587bce124578f0bbf1f890ac63d3e3cd027417574273642c4", size = 44065, upload-time = "2025-10-07T14:40:35.337Z" },
]

[[package]]
name = "typer"
version = "0.21.1"
source = { registry = "https://pypi.org/simple" }
dependencies = [
    { name = "click" },
    { name = "rich" },
    { name = "shellingham" },
    { name = "typing-extensions" },
]
sdist = { url = "https://files.pythonhosted.org/packages/36/bf/8825b5929afd84d0dabd606c67cd57b8388cb3ec385f7ef19c5cc2202069/typer-0.21.1.tar.gz", hash = "sha256:ea835607cd752343b6b2b7ce676893e5a0324082268b48f27aa058bdb7d2145d", size = 110371, upload-time = "2026-01-06T11:21:10.989Z" }
wheels = [
    { url = "https://files.pythonhosted.org/packages/a0/1d/d9257dd49ff2ca23ea5f132edf1281a0c4f9de8a762b9ae399b670a59235/typer-0.21.1-py3-none-any.whl", hash = "sha256:7985e89081c636b88d172c2ee0cfe33c253160994d47bdfdc302defd7d1f1d01", size = 47381, upload-time = "2026-01-06T11:21:09.824Z" },
]

[[package]]
name = "typing-extensions"
version = "4.15.0"
source = { registry = "https://pypi.org/simple" }
sdist = { url = "https://files.pythonhosted.org/packages/72/94/1a15dd82efb362ac84269196e94cf00f187f7ed21c242792a923cdb1c61f/typing_extensions-4.15.0.tar.gz", hash = "sha256:0cea48d173cc12fa28ecabc3b837ea3cf6f38c6d1136f85cbaaf598984861466", size = 109391, upload-time = "2025-08-25T13:49:26.313Z" }
wheels = [
    { url = "https://files.pythonhosted.org/packages/18/67/36e9267722cc04a6b9f15c7f3441c2363321a3ea07da7ae0c0707beb2a9c/typing_extensions-4.15.0-py3-none-any.whl", hash = "sha256:f0fa19c6845758ab08074a0cfa8b7aecb71c999ca73d62883bc25cc018c4e548", size = 44614, upload-time = "2025-08-25T13:49:24.86Z" },
]
